
Microsoft Visual Studio Solution File, Format Version 12.00
# Visual Studio Version 16
VisualStudioVersion = 16.0.33801.447
MinimumVisualStudioVersion = 10.0.40219.1
Project("{9A19103F-16F7-4668-BE54-9A1E7A4F7556}") = "ATM-Machine", "ATM-Machine.csproj", "{EC89B93C-EB38-48E8-ABBE-264C79DA3524}"
EndProject
Global
	GlobalSection(SolutionConfigurationPlatforms) = preSolution
		Debug|Any CPU = Debug|Any CPU
		Release|Any CPU = Release|Any CPU
	EndGlobalSection
	GlobalSection(ProjectConfigurationPlatforms) = postSolution
		{EC89B93C-EB38-48E8-ABBE-264C79DA3524}.Debug|Any CPU.ActiveCfg = Debug|Any CPU
		{EC89B93C-EB38-48E8-ABBE-264C79DA3524}.Debug|Any CPU.Build.0 = Debug|Any CPU
		{EC89B93C-EB38-48E8-ABBE-264C79DA3524}.Release|Any CPU.ActiveCfg = Release|Any CPU
		{EC89B93C-EB38-48E8-ABBE-264C79DA3524}.Release|Any CPU.Build.0 = Release|Any CPU
	EndGlobalSection
	GlobalSection(SolutionProperties) = preSolution
		HideSolutionNode = FALSE
	EndGlobalSection
	GlobalSection(ExtensibilityGlobals) = postSolution
		SolutionGuid = {1DD06586-FB96-4C64-8855-CB2A1130D79F}
	EndGlobalSection
EndGlobal
